
Microsoft Visual Studio Solution File, Format Version 12.00
# Visual Studio 15
VisualStudioVersion = 15.0.26430.16
MinimumVisualStudioVersion = 10.0.40219.1
Project("{8BC9CEB8-8B4A-11D0-8D11-00A0C91BC942}") = "第一章", "第一章\第一章.vcxproj", "{E43238B5-77D7-41A6-B9A2-5404C2E592CB}"
EndProject
Project("{8BC9CEB8-8B4A-11D0-8D11-00A0C91BC942}") = "第二章例题", "第二章例题\第二章例题.vcxproj", "{ED227B92-2838-4B9F-B025-678A6FFE2AF7}"
EndProject
Project("{8BC9CEB8-8B4A-11D0-8D11-00A0C91BC942}") = "第三章例题", "第三章例题\第三章例题.vcxproj", "{51D602F3-48BB-42CB-BD96-D868FF65D315}"
EndProject
Project("{8BC9CEB8-8B4A-11D0-8D11-00A0C91BC942}") = "第四章", "第四章\第四章.vcxproj", "{1DF66F3D-E28F-4EDB-B238-9C39E8664D4C}"
EndProject
Project("{8BC9CEB8-8B4A-11D0-8D11-00A0C91BC942}") = "第五章    数组", "第五章    数组\第五章    数组.vcxproj", "{082C4902-ADD6-4BA3-A72A-981B599EBBAC}"
EndProject
Project("{8BC9CEB8-8B4A-11D0-8D11-00A0C91BC942}") = "第六章", "第六章\第六章.vcxproj", "{FDF00CA3-2E4F-4B34-B223-F0022B6F8799}"
EndProject
Project("{8BC9CEB8-8B4A-11D0-8D11-00A0C91BC942}") = "第七章", "第七章\第七章.vcxproj", "{0BAD7444-2183-4692-A949-D9F034D08451}"
EndProject
Project("{8BC9CEB8-8B4A-11D0-8D11-00A0C91BC942}") = "第八章", "第八章\第八章.vcxproj", "{5EE00E82-D16D-46DB-BEF6-09435BD6A3DC}"
EndProject
Project("{8BC9CEB8-8B4A-11D0-8D11-00A0C91BC942}") = "第九章", "第九章\第九章.vcxproj", "{8DDCCBAA-CB86-4E11-A16F-4FF71D11231A}"
EndProject
Project("{8BC9CEB8-8B4A-11D0-8D11-00A0C91BC942}") = "第九章习题", "第九章习题\第九章习题.vcxproj", "{A8A0EBC1-F086-4D4A-B3BF-62FE72B2EEC0}"
EndProject
Project("{8BC9CEB8-8B4A-11D0-8D11-00A0C91BC942}") = "第十章", "第十章\第十章.vcxproj", "{C129DD75-404D-41F6-9ABC-DC82107A2521}"
EndProject
Project("{8BC9CEB8-8B4A-11D0-8D11-00A0C91BC942}") = "第十一章", "第十一章\第十一章.vcxproj", "{71CA773C-5C90-4F5D-BE89-DC6F6400DFCF}"
EndProject
Project("{8BC9CEB8-8B4A-11D0-8D11-00A0C91BC942}") = "第十一章习题", "第十一章习题\第十一章习题.vcxproj", "{DB6FBDBB-1141-46F5-811C-015004C504EC}"
EndProject
Project("{8BC9CEB8-8B4A-11D0-8D11-00A0C91BC942}") = "第十二章", "第十二章\第十二章.vcxproj", "{771FC620-2DDD-469A-9B67-2B00E1715E52}"
EndProject
Project("{8BC9CEB8-8B4A-11D0-8D11-00A0C91BC942}") = "第十二章习题", "第十二章习题\第十二章习题.vcxproj", "{12962F95-4ADC-4761-9013-ACC55ECF6B52}"
EndProject
Project("{8BC9CEB8-8B4A-11D0-8D11-00A0C91BC942}") = "第十三章", "第十三章\第十三章.vcxproj", "{8066AC23-E017-411A-841C-D7AB14886ECA}"
EndProject
Project("{8BC9CEB8-8B4A-11D0-8D11-00A0C91BC942}") = "第十三章习题", "第十三章习题\第十三章习题.vcxproj", "{BC31A6F3-49A9-4D8C-8B3B-EEFDFB492D35}"
EndProject
Project("{8BC9CEB8-8B4A-11D0-8D11-00A0C91BC942}") = "Vector", "Vector\Vector.vcxproj", "{13164F79-80E4-4F45-A8BD-60905EBBDAC4}"
EndProject
Global
	GlobalSection(SolutionConfigurationPlatforms) = preSolution
		Debug|x64 = Debug|x64
		Debug|x86 = Debug|x86
		Release|x64 = Release|x64
		Release|x86 = Release|x86
	EndGlobalSection
	GlobalSection(ProjectConfigurationPlatforms) = postSolution
		{E43238B5-77D7-41A6-B9A2-5404C2E592CB}.Debug|x64.ActiveCfg = Debug|x64
		{E43238B5-77D7-41A6-B9A2-5404C2E592CB}.Debug|x64.Build.0 = Debug|x64
		{E43238B5-77D7-41A6-B9A2-5404C2E592CB}.Debug|x86.ActiveCfg = Debug|Win32
		{E43238B5-77D7-41A6-B9A2-5404C2E592CB}.Debug|x86.Build.0 = Debug|Win32
		{E43238B5-77D7-41A6-B9A2-5404C2E592CB}.Release|x64.ActiveCfg = Release|x64
		{E43238B5-77D7-41A6-B9A2-5404C2E592CB}.Release|x64.Build.0 = Release|x64
		{E43238B5-77D7-41A6-B9A2-5404C2E592CB}.Release|x86.ActiveCfg = Release|Win32
		{E43238B5-77D7-41A6-B9A2-5404C2E592CB}.Release|x86.Build.0 = Release|Win32
		{ED227B92-2838-4B9F-B025-678A6FFE2AF7}.Debug|x64.ActiveCfg = Debug|x64
		{ED227B92-2838-4B9F-B025-678A6FFE2AF7}.Debug|x64.Build.0 = Debug|x64
		{ED227B92-2838-4B9F-B025-678A6FFE2AF7}.Debug|x86.ActiveCfg = Debug|Win32
		{ED227B92-2838-4B9F-B025-678A6FFE2AF7}.Debug|x86.Build.0 = Debug|Win32
		{ED227B92-2838-4B9F-B025-678A6FFE2AF7}.Release|x64.ActiveCfg = Release|x64
		{ED227B92-2838-4B9F-B025-678A6FFE2AF7}.Release|x64.Build.0 = Release|x64
		{ED227B92-2838-4B9F-B025-678A6FFE2AF7}.Release|x86.ActiveCfg = Release|Win32
		{ED227B92-2838-4B9F-B025-678A6FFE2AF7}.Release|x86.Build.0 = Release|Win32
		{51D602F3-48BB-42CB-BD96-D868FF65D315}.Debug|x64.ActiveCfg = Debug|x64
		{51D602F3-48BB-42CB-BD96-D868FF65D315}.Debug|x64.Build.0 = Debug|x64
		{51D602F3-48BB-42CB-BD96-D868FF65D315}.Debug|x86.ActiveCfg = Debug|Win32
		{51D602F3-48BB-42CB-BD96-D868FF65D315}.Debug|x86.Build.0 = Debug|Win32
		{51D602F3-48BB-42CB-BD96-D868FF65D315}.Release|x64.ActiveCfg = Release|x64
		{51D602F3-48BB-42CB-BD96-D868FF65D315}.Release|x64.Build.0 = Release|x64
		{51D602F3-48BB-42CB-BD96-D868FF65D315}.Release|x86.ActiveCfg = Release|Win32
		{51D602F3-48BB-42CB-BD96-D868FF65D315}.Release|x86.Build.0 = Release|Win32
		{1DF66F3D-E28F-4EDB-B238-9C39E8664D4C}.Debug|x64.ActiveCfg = Debug|x64
		{1DF66F3D-E28F-4EDB-B238-9C39E8664D4C}.Debug|x64.Build.0 = Debug|x64
		{1DF66F3D-E28F-4EDB-B238-9C39E8664D4C}.Debug|x86.ActiveCfg = Debug|Win32
		{1DF66F3D-E28F-4EDB-B238-9C39E8664D4C}.Debug|x86.Build.0 = Debug|Win32
		{1DF66F3D-E28F-4EDB-B238-9C39E8664D4C}.Release|x64.ActiveCfg = Release|x64
		{1DF66F3D-E28F-4EDB-B238-9C39E8664D4C}.Release|x64.Build.0 = Release|x64
		{1DF66F3D-E28F-4EDB-B238-9C39E8664D4C}.Release|x86.ActiveCfg = Release|Win32
		{1DF66F3D-E28F-4EDB-B238-9C39E8664D4C}.Release|x86.Build.0 = Release|Win32
		{082C4902-ADD6-4BA3-A72A-981B599EBBAC}.Debug|x64.ActiveCfg = Debug|x64
		{082C4902-ADD6-4BA3-A72A-981B599EBBAC}.Debug|x64.Build.0 = Debug|x64
		{082C4902-ADD6-4BA3-A72A-981B599EBBAC}.Debug|x86.ActiveCfg = Debug|Win32
		{082C4902-ADD6-4BA3-A72A-981B599EBBAC}.Debug|x86.Build.0 = Debug|Win32
		{082C4902-ADD6-4BA3-A72A-981B599EBBAC}.Release|x64.ActiveCfg = Release|x64
		{082C4902-ADD6-4BA3-A72A-981B599EBBAC}.Release|x64.Build.0 = Release|x64
		{082C4902-ADD6-4BA3-A72A-981B599EBBAC}.Release|x86.ActiveCfg = Release|Win32
		{082C4902-ADD6-4BA3-A72A-981B599EBBAC}.Release|x86.Build.0 = Release|Win32
		{FDF00CA3-2E4F-4B34-B223-F0022B6F8799}.Debug|x64.ActiveCfg = Debug|x64
		{FDF00CA3-2E4F-4B34-B223-F0022B6F8799}.Debug|x64.Build.0 = Debug|x64
		{FDF00CA3-2E4F-4B34-B223-F0022B6F8799}.Debug|x86.ActiveCfg = Debug|Win32
		{FDF00CA3-2E4F-4B34-B223-F0022B6F8799}.Debug|x86.Build.0 = Debug|Win32
		{FDF00CA3-2E4F-4B34-B223-F0022B6F8799}.Release|x64.ActiveCfg = Release|x64
		{FDF00CA3-2E4F-4B34-B223-F0022B6F8799}.Release|x64.Build.0 = Release|x64
		{FDF00CA3-2E4F-4B34-B223-F0022B6F8799}.Release|x86.ActiveCfg = Release|Win32
		{FDF00CA3-2E4F-4B34-B223-F0022B6F8799}.Release|x86.Build.0 = Release|Win32
		{0BAD7444-2183-4692-A949-D9F034D08451}.Debug|x64.ActiveCfg = Debug|x64
		{0BAD7444-2183-4692-A949-D9F034D08451}.Debug|x64.Build.0 = Debug|x64
		{0BAD7444-2183-4692-A949-D9F034D08451}.Debug|x86.ActiveCfg = Debug|Win32
		{0BAD7444-2183-4692-A949-D9F034D08451}.Debug|x86.Build.0 = Debug|Win32
		{0BAD7444-2183-4692-A949-D9F034D08451}.Release|x64.ActiveCfg = Release|x64
		{0BAD7444-2183-4692-A949-D9F034D08451}.Release|x64.Build.0 = Release|x64
		{0BAD7444-2183-4692-A949-D9F034D08451}.Release|x86.ActiveCfg = Release|Win32
		{0BAD7444-2183-4692-A949-D9F034D08451}.Release|x86.Build.0 = Release|Win32
		{5EE00E82-D16D-46DB-BEF6-09435BD6A3DC}.Debug|x64.ActiveCfg = Debug|x64
		{5EE00E82-D16D-46DB-BEF6-09435BD6A3DC}.Debug|x64.Build.0 = Debug|x64
		{5EE00E82-D16D-46DB-BEF6-09435BD6A3DC}.Debug|x86.ActiveCfg = Debug|Win32
		{5EE00E82-D16D-46DB-BEF6-09435BD6A3DC}.Debug|x86.Build.0 = Debug|Win32
		{5EE00E82-D16D-46DB-BEF6-09435BD6A3DC}.Release|x64.ActiveCfg = Release|x64
		{5EE00E82-D16D-46DB-BEF6-09435BD6A3DC}.Release|x64.Build.0 = Release|x64
		{5EE00E82-D16D-46DB-BEF6-09435BD6A3DC}.Release|x86.ActiveCfg = Release|Win32
		{5EE00E82-D16D-46DB-BEF6-09435BD6A3DC}.Release|x86.Build.0 = Release|Win32
		{8DDCCBAA-CB86-4E11-A16F-4FF71D11231A}.Debug|x64.ActiveCfg = Debug|x64
		{8DDCCBAA-CB86-4E11-A16F-4FF71D11231A}.Debug|x64.Build.0 = Debug|x64
		{8DDCCBAA-CB86-4E11-A16F-4FF71D11231A}.Debug|x86.ActiveCfg = Debug|Win32
		{8DDCCBAA-CB86-4E11-A16F-4FF71D11231A}.Debug|x86.Build.0 = Debug|Win32
		{8DDCCBAA-CB86-4E11-A16F-4FF71D11231A}.Release|x64.ActiveCfg = Release|x64
		{8DDCCBAA-CB86-4E11-A16F-4FF71D11231A}.Release|x64.Build.0 = Release|x64
		{8DDCCBAA-CB86-4E11-A16F-4FF71D11231A}.Release|x86.ActiveCfg = Release|Win32
		{8DDCCBAA-CB86-4E11-A16F-4FF71D11231A}.Release|x86.Build.0 = Release|Win32
		{A8A0EBC1-F086-4D4A-B3BF-62FE72B2EEC0}.Debug|x64.ActiveCfg = Debug|x64
		{A8A0EBC1-F086-4D4A-B3BF-62FE72B2EEC0}.Debug|x64.Build.0 = Debug|x64
		{A8A0EBC1-F086-4D4A-B3BF-62FE72B2EEC0}.Debug|x86.ActiveCfg = Debug|Win32
		{A8A0EBC1-F086-4D4A-B3BF-62FE72B2EEC0}.Debug|x86.Build.0 = Debug|Win32
		{A8A0EBC1-F086-4D4A-B3BF-62FE72B2EEC0}.Release|x64.ActiveCfg = Release|x64
		{A8A0EBC1-F086-4D4A-B3BF-62FE72B2EEC0}.Release|x64.Build.0 = Release|x64
		{A8A0EBC1-F086-4D4A-B3BF-62FE72B2EEC0}.Release|x86.ActiveCfg = Release|Win32
		{A8A0EBC1-F086-4D4A-B3BF-62FE72B2EEC0}.Release|x86.Build.0 = Release|Win32
		{C129DD75-404D-41F6-9ABC-DC82107A2521}.Debug|x64.ActiveCfg = Debug|x64
		{C129DD75-404D-41F6-9ABC-DC82107A2521}.Debug|x64.Build.0 = Debug|x64
		{C129DD75-404D-41F6-9ABC-DC82107A2521}.Debug|x86.ActiveCfg = Debug|Win32
		{C129DD75-404D-41F6-9ABC-DC82107A2521}.Debug|x86.Build.0 = Debug|Win32
		{C129DD75-404D-41F6-9ABC-DC82107A2521}.Release|x64.ActiveCfg = Release|x64
		{C129DD75-404D-41F6-9ABC-DC82107A2521}.Release|x64.Build.0 = Release|x64
		{C129DD75-404D-41F6-9ABC-DC82107A2521}.Release|x86.ActiveCfg = Release|Win32
		{C129DD75-404D-41F6-9ABC-DC82107A2521}.Release|x86.Build.0 = Release|Win32
		{71CA773C-5C90-4F5D-BE89-DC6F6400DFCF}.Debug|x64.ActiveCfg = Debug|x64
		{71CA773C-5C90-4F5D-BE89-DC6F6400DFCF}.Debug|x64.Build.0 = Debug|x64
		{71CA773C-5C90-4F5D-BE89-DC6F6400DFCF}.Debug|x86.ActiveCfg = Debug|Win32
		{71CA773C-5C90-4F5D-BE89-DC6F6400DFCF}.Debug|x86.Build.0 = Debug|Win32
		{71CA773C-5C90-4F5D-BE89-DC6F6400DFCF}.Release|x64.ActiveCfg = Release|x64
		{71CA773C-5C90-4F5D-BE89-DC6F6400DFCF}.Release|x64.Build.0 = Release|x64
		{71CA773C-5C90-4F5D-BE89-DC6F6400DFCF}.Release|x86.ActiveCfg = Release|Win32
		{71CA773C-5C90-4F5D-BE89-DC6F6400DFCF}.Release|x86.Build.0 = Release|Win32
		{DB6FBDBB-1141-46F5-811C-015004C504EC}.Debug|x64.ActiveCfg = Debug|x64
		{DB6FBDBB-1141-46F5-811C-015004C504EC}.Debug|x64.Build.0 = Debug|x64
		{DB6FBDBB-1141-46F5-811C-015004C504EC}.Debug|x86.ActiveCfg = Debug|Win32
		{DB6FBDBB-1141-46F5-811C-015004C504EC}.Debug|x86.Build.0 = Debug|Win32
		{DB6FBDBB-1141-46F5-811C-015004C504EC}.Release|x64.ActiveCfg = Release|x64
		{DB6FBDBB-1141-46F5-811C-015004C504EC}.Release|x64.Build.0 = Release|x64
		{DB6FBDBB-1141-46F5-811C-015004C504EC}.Release|x86.ActiveCfg = Release|Win32
		{DB6FBDBB-1141-46F5-811C-015004C504EC}.Release|x86.Build.0 = Release|Win32
		{771FC620-2DDD-469A-9B67-2B00E1715E52}.Debug|x64.ActiveCfg = Debug|x64
		{771FC620-2DDD-469A-9B67-2B00E1715E52}.Debug|x64.Build.0 = Debug|x64
		{771FC620-2DDD-469A-9B67-2B00E1715E52}.Debug|x86.ActiveCfg = Debug|Win32
		{771FC620-2DDD-469A-9B67-2B00E1715E52}.Debug|x86.Build.0 = Debug|Win32
		{771FC620-2DDD-469A-9B67-2B00E1715E52}.Release|x64.ActiveCfg = Release|x64
		{771FC620-2DDD-469A-9B67-2B00E1715E52}.Release|x64.Build.0 = Release|x64
		{771FC620-2DDD-469A-9B67-2B00E1715E52}.Release|x86.ActiveCfg = Release|Win32
		{771FC620-2DDD-469A-9B67-2B00E1715E52}.Release|x86.Build.0 = Release|Win32
		{12962F95-4ADC-4761-9013-ACC55ECF6B52}.Debug|x64.ActiveCfg = Debug|x64
		{12962F95-4ADC-4761-9013-ACC55ECF6B52}.Debug|x64.Build.0 = Debug|x64
		{12962F95-4ADC-4761-9013-ACC55ECF6B52}.Debug|x86.ActiveCfg = Debug|Win32
		{12962F95-4ADC-4761-9013-ACC55ECF6B52}.Debug|x86.Build.0 = Debug|Win32
		{12962F95-4ADC-4761-9013-ACC55ECF6B52}.Release|x64.ActiveCfg = Release|x64
		{12962F95-4ADC-4761-9013-ACC55ECF6B52}.Release|x64.Build.0 = Release|x64
		{12962F95-4ADC-4761-9013-ACC55ECF6B52}.Release|x86.ActiveCfg = Release|Win32
		{12962F95-4ADC-4761-9013-ACC55ECF6B52}.Release|x86.Build.0 = Release|Win32
		{8066AC23-E017-411A-841C-D7AB14886ECA}.Debug|x64.ActiveCfg = Debug|x64
		{8066AC23-E017-411A-841C-D7AB14886ECA}.Debug|x64.Build.0 = Debug|x64
		{8066AC23-E017-411A-841C-D7AB14886ECA}.Debug|x86.ActiveCfg = Debug|Win32
		{8066AC23-E017-411A-841C-D7AB14886ECA}.Debug|x86.Build.0 = Debug|Win32
		{8066AC23-E017-411A-841C-D7AB14886ECA}.Release|x64.ActiveCfg = Release|x64
		{8066AC23-E017-411A-841C-D7AB14886ECA}.Release|x64.Build.0 = Release|x64
		{8066AC23-E017-411A-841C-D7AB14886ECA}.Release|x86.ActiveCfg = Release|Win32
		{8066AC23-E017-411A-841C-D7AB14886ECA}.Release|x86.Build.0 = Release|Win32
		{BC31A6F3-49A9-4D8C-8B3B-EEFDFB492D35}.Debug|x64.ActiveCfg = Debug|x64
		{BC31A6F3-49A9-4D8C-8B3B-EEFDFB492D35}.Debug|x64.Build.0 = Debug|x64
		{BC31A6F3-49A9-4D8C-8B3B-EEFDFB492D35}.Debug|x86.ActiveCfg = Debug|Win32
		{BC31A6F3-49A9-4D8C-8B3B-EEFDFB492D35}.Debug|x86.Build.0 = Debug|Win32
		{BC31A6F3-49A9-4D8C-8B3B-EEFDFB492D35}.Release|x64.ActiveCfg = Release|x64
		{BC31A6F3-49A9-4D8C-8B3B-EEFDFB492D35}.Release|x64.Build.0 = Release|x64
		{BC31A6F3-49A9-4D8C-8B3B-EEFDFB492D35}.Release|x86.ActiveCfg = Release|Win32
		{BC31A6F3-49A9-4D8C-8B3B-EEFDFB492D35}.Release|x86.Build.0 = Release|Win32
		{13164F79-80E4-4F45-A8BD-60905EBBDAC4}.Debug|x64.ActiveCfg = Debug|x64
		{13164F79-80E4-4F45-A8BD-60905EBBDAC4}.Debug|x64.Build.0 = Debug|x64
		{13164F79-80E4-4F45-A8BD-60905EBBDAC4}.Debug|x86.ActiveCfg = Debug|Win32
		{13164F79-80E4-4F45-A8BD-60905EBBDAC4}.Debug|x86.Build.0 = Debug|Win32
		{13164F79-80E4-4F45-A8BD-60905EBBDAC4}.Release|x64.ActiveCfg = Release|x64
		{13164F79-80E4-4F45-A8BD-60905EBBDAC4}.Release|x64.Build.0 = Release|x64
		{13164F79-80E4-4F45-A8BD-60905EBBDAC4}.Release|x86.ActiveCfg = Release|Win32
		{13164F79-80E4-4F45-A8BD-60905EBBDAC4}.Release|x86.Build.0 = Release|Win32
	EndGlobalSection
	GlobalSection(SolutionProperties) = preSolution
		HideSolutionNode = FALSE
	EndGlobalSection
EndGlobal
